
Microsoft Visual Studio Solution File, Format Version 10.00
# Visual Studio 2008
Project("{8BC9CEB8-8B4A-11D0-8D11-00A0C91BC942}") = "SimpleEditControl", "SimpleEditControl\SimpleEditControl.vcproj", "{B4EDFB25-48D4-48DA-9227-CCD88D1E431F}"
EndProject
Project("{8BC9CEB8-8B4A-11D0-8D11-00A0C91BC942}") = "SimpleEditControlCE", "SimpleEditControlCE\SimpleEditControlCE.vcproj", "{06FCC935-AFF1-4B66-9313-2360425945AB}"
EndProject
Global
	GlobalSection(SolutionConfigurationPlatforms) = preSolution
		Debug|Mixed Platforms = Debug|Mixed Platforms
		Debug|Win32 = Debug|Win32
		Debug|Windows Mobile 5.0 Pocket PC SDK (ARMV4I) = Debug|Windows Mobile 5.0 Pocket PC SDK (ARMV4I)
		Release|Mixed Platforms = Release|Mixed Platforms
		Release|Win32 = Release|Win32
		Release|Windows Mobile 5.0 Pocket PC SDK (ARMV4I) = Release|Windows Mobile 5.0 Pocket PC SDK (ARMV4I)
	EndGlobalSection
	GlobalSection(ProjectConfigurationPlatforms) = postSolution
		{B4EDFB25-48D4-48DA-9227-CCD88D1E431F}.Debug|Mixed Platforms.ActiveCfg = Debug|Win32
		{B4EDFB25-48D4-48DA-9227-CCD88D1E431F}.Debug|Mixed Platforms.Build.0 = Debug|Win32
		{B4EDFB25-48D4-48DA-9227-CCD88D1E431F}.Debug|Win32.ActiveCfg = Debug|Win32
		{B4EDFB25-48D4-48DA-9227-CCD88D1E431F}.Debug|Win32.Build.0 = Debug|Win32
		{B4EDFB25-48D4-48DA-9227-CCD88D1E431F}.Debug|Windows Mobile 5.0 Pocket PC SDK (ARMV4I).ActiveCfg = Debug|Win32
		{B4EDFB25-48D4-48DA-9227-CCD88D1E431F}.Release|Mixed Platforms.ActiveCfg = Release|Win32
		{B4EDFB25-48D4-48DA-9227-CCD88D1E431F}.Release|Mixed Platforms.Build.0 = Release|Win32
		{B4EDFB25-48D4-48DA-9227-CCD88D1E431F}.Release|Win32.ActiveCfg = Release|Win32
		{B4EDFB25-48D4-48DA-9227-CCD88D1E431F}.Release|Win32.Build.0 = Release|Win32
		{B4EDFB25-48D4-48DA-9227-CCD88D1E431F}.Release|Windows Mobile 5.0 Pocket PC SDK (ARMV4I).ActiveCfg = Release|Win32
		{06FCC935-AFF1-4B66-9313-2360425945AB}.Debug|Mixed Platforms.ActiveCfg = Debug|Windows Mobile 5.0 Pocket PC SDK (ARMV4I)
		{06FCC935-AFF1-4B66-9313-2360425945AB}.Debug|Win32.ActiveCfg = Debug|Windows Mobile 5.0 Pocket PC SDK (ARMV4I)
		{06FCC935-AFF1-4B66-9313-2360425945AB}.Debug|Windows Mobile 5.0 Pocket PC SDK (ARMV4I).ActiveCfg = Debug|Windows Mobile 5.0 Pocket PC SDK (ARMV4I)
		{06FCC935-AFF1-4B66-9313-2360425945AB}.Debug|Windows Mobile 5.0 Pocket PC SDK (ARMV4I).Build.0 = Debug|Windows Mobile 5.0 Pocket PC SDK (ARMV4I)
		{06FCC935-AFF1-4B66-9313-2360425945AB}.Debug|Windows Mobile 5.0 Pocket PC SDK (ARMV4I).Deploy.0 = Debug|Windows Mobile 5.0 Pocket PC SDK (ARMV4I)
		{06FCC935-AFF1-4B66-9313-2360425945AB}.Release|Mixed Platforms.ActiveCfg = Release|Windows Mobile 5.0 Pocket PC SDK (ARMV4I)
		{06FCC935-AFF1-4B66-9313-2360425945AB}.Release|Mixed Platforms.Build.0 = Release|Windows Mobile 5.0 Pocket PC SDK (ARMV4I)
		{06FCC935-AFF1-4B66-9313-2360425945AB}.Release|Mixed Platforms.Deploy.0 = Release|Windows Mobile 5.0 Pocket PC SDK (ARMV4I)
		{06FCC935-AFF1-4B66-9313-2360425945AB}.Release|Win32.ActiveCfg = Release|Windows Mobile 5.0 Pocket PC SDK (ARMV4I)
		{06FCC935-AFF1-4B66-9313-2360425945AB}.Release|Windows Mobile 5.0 Pocket PC SDK (ARMV4I).ActiveCfg = Release|Windows Mobile 5.0 Pocket PC SDK (ARMV4I)
		{06FCC935-AFF1-4B66-9313-2360425945AB}.Release|Windows Mobile 5.0 Pocket PC SDK (ARMV4I).Build.0 = Release|Windows Mobile 5.0 Pocket PC SDK (ARMV4I)
		{06FCC935-AFF1-4B66-9313-2360425945AB}.Release|Windows Mobile 5.0 Pocket PC SDK (ARMV4I).Deploy.0 = Release|Windows Mobile 5.0 Pocket PC SDK (ARMV4I)
	EndGlobalSection
	GlobalSection(SolutionProperties) = preSolution
		HideSolutionNode = FALSE
	EndGlobalSection
EndGlobal
