
Microsoft Visual Studio Solution File, Format Version 10.00
# Visual Studio 2008
Project("{8BC9CEB8-8B4A-11D0-8D11-00A0C91BC942}") = "CodingsPack", "CodingsPack.vcproj", "{754B8548-8E0D-40A9-868E-C72B51AA135B}"
EndProject
Project("{8BC9CEB8-8B4A-11D0-8D11-00A0C91BC942}") = "CodingsPackCE", "CodingsPackCE\CodingsPackCE.vcproj", "{61B2C738-585E-43E7-B5DB-1916B31C08D7}"
EndProject
Global
	GlobalSection(SolutionConfigurationPlatforms) = preSolution
		Debug|Mixed Platforms = Debug|Mixed Platforms
		Debug|Win32 = Debug|Win32
		Debug|Windows Mobile 5.0 Pocket PC SDK (ARMV4I) = Debug|Windows Mobile 5.0 Pocket PC SDK (ARMV4I)
		Debug|Windows Mobile 6 Professional SDK (ARMV4I) = Debug|Windows Mobile 6 Professional SDK (ARMV4I)
		Release|Mixed Platforms = Release|Mixed Platforms
		Release|Win32 = Release|Win32
		Release|Windows Mobile 5.0 Pocket PC SDK (ARMV4I) = Release|Windows Mobile 5.0 Pocket PC SDK (ARMV4I)
		Release|Windows Mobile 6 Professional SDK (ARMV4I) = Release|Windows Mobile 6 Professional SDK (ARMV4I)
	EndGlobalSection
	GlobalSection(ProjectConfigurationPlatforms) = postSolution
		{754B8548-8E0D-40A9-868E-C72B51AA135B}.Debug|Mixed Platforms.ActiveCfg = Debug|Win32
		{754B8548-8E0D-40A9-868E-C72B51AA135B}.Debug|Mixed Platforms.Build.0 = Debug|Win32
		{754B8548-8E0D-40A9-868E-C72B51AA135B}.Debug|Win32.ActiveCfg = Debug|Win32
		{754B8548-8E0D-40A9-868E-C72B51AA135B}.Debug|Win32.Build.0 = Debug|Win32
		{754B8548-8E0D-40A9-868E-C72B51AA135B}.Debug|Windows Mobile 5.0 Pocket PC SDK (ARMV4I).ActiveCfg = Debug|Win32
		{754B8548-8E0D-40A9-868E-C72B51AA135B}.Debug|Windows Mobile 6 Professional SDK (ARMV4I).ActiveCfg = Debug|Win32
		{754B8548-8E0D-40A9-868E-C72B51AA135B}.Release|Mixed Platforms.ActiveCfg = Release|Win32
		{754B8548-8E0D-40A9-868E-C72B51AA135B}.Release|Mixed Platforms.Build.0 = Release|Win32
		{754B8548-8E0D-40A9-868E-C72B51AA135B}.Release|Win32.ActiveCfg = Release|Win32
		{754B8548-8E0D-40A9-868E-C72B51AA135B}.Release|Win32.Build.0 = Release|Win32
		{754B8548-8E0D-40A9-868E-C72B51AA135B}.Release|Windows Mobile 5.0 Pocket PC SDK (ARMV4I).ActiveCfg = Release|Win32
		{754B8548-8E0D-40A9-868E-C72B51AA135B}.Release|Windows Mobile 6 Professional SDK (ARMV4I).ActiveCfg = Release|Win32
		{61B2C738-585E-43E7-B5DB-1916B31C08D7}.Debug|Mixed Platforms.ActiveCfg = Debug|Windows Mobile 6 Professional SDK (ARMV4I)
		{61B2C738-585E-43E7-B5DB-1916B31C08D7}.Debug|Mixed Platforms.Build.0 = Debug|Windows Mobile 6 Professional SDK (ARMV4I)
		{61B2C738-585E-43E7-B5DB-1916B31C08D7}.Debug|Mixed Platforms.Deploy.0 = Debug|Windows Mobile 6 Professional SDK (ARMV4I)
		{61B2C738-585E-43E7-B5DB-1916B31C08D7}.Debug|Win32.ActiveCfg = Debug|Windows Mobile 6 Professional SDK (ARMV4I)
		{61B2C738-585E-43E7-B5DB-1916B31C08D7}.Debug|Windows Mobile 5.0 Pocket PC SDK (ARMV4I).ActiveCfg = Debug|Windows Mobile 5.0 Pocket PC SDK (ARMV4I)
		{61B2C738-585E-43E7-B5DB-1916B31C08D7}.Debug|Windows Mobile 5.0 Pocket PC SDK (ARMV4I).Build.0 = Debug|Windows Mobile 5.0 Pocket PC SDK (ARMV4I)
		{61B2C738-585E-43E7-B5DB-1916B31C08D7}.Debug|Windows Mobile 5.0 Pocket PC SDK (ARMV4I).Deploy.0 = Debug|Windows Mobile 5.0 Pocket PC SDK (ARMV4I)
		{61B2C738-585E-43E7-B5DB-1916B31C08D7}.Debug|Windows Mobile 6 Professional SDK (ARMV4I).ActiveCfg = Debug|Windows Mobile 6 Professional SDK (ARMV4I)
		{61B2C738-585E-43E7-B5DB-1916B31C08D7}.Debug|Windows Mobile 6 Professional SDK (ARMV4I).Build.0 = Debug|Windows Mobile 6 Professional SDK (ARMV4I)
		{61B2C738-585E-43E7-B5DB-1916B31C08D7}.Debug|Windows Mobile 6 Professional SDK (ARMV4I).Deploy.0 = Debug|Windows Mobile 6 Professional SDK (ARMV4I)
		{61B2C738-585E-43E7-B5DB-1916B31C08D7}.Release|Mixed Platforms.ActiveCfg = Release|Windows Mobile 6 Professional SDK (ARMV4I)
		{61B2C738-585E-43E7-B5DB-1916B31C08D7}.Release|Mixed Platforms.Build.0 = Release|Windows Mobile 6 Professional SDK (ARMV4I)
		{61B2C738-585E-43E7-B5DB-1916B31C08D7}.Release|Mixed Platforms.Deploy.0 = Release|Windows Mobile 6 Professional SDK (ARMV4I)
		{61B2C738-585E-43E7-B5DB-1916B31C08D7}.Release|Win32.ActiveCfg = Release|Windows Mobile 6 Professional SDK (ARMV4I)
		{61B2C738-585E-43E7-B5DB-1916B31C08D7}.Release|Windows Mobile 5.0 Pocket PC SDK (ARMV4I).ActiveCfg = Release|Windows Mobile 5.0 Pocket PC SDK (ARMV4I)
		{61B2C738-585E-43E7-B5DB-1916B31C08D7}.Release|Windows Mobile 5.0 Pocket PC SDK (ARMV4I).Build.0 = Release|Windows Mobile 5.0 Pocket PC SDK (ARMV4I)
		{61B2C738-585E-43E7-B5DB-1916B31C08D7}.Release|Windows Mobile 5.0 Pocket PC SDK (ARMV4I).Deploy.0 = Release|Windows Mobile 5.0 Pocket PC SDK (ARMV4I)
		{61B2C738-585E-43E7-B5DB-1916B31C08D7}.Release|Windows Mobile 6 Professional SDK (ARMV4I).ActiveCfg = Release|Windows Mobile 6 Professional SDK (ARMV4I)
		{61B2C738-585E-43E7-B5DB-1916B31C08D7}.Release|Windows Mobile 6 Professional SDK (ARMV4I).Build.0 = Release|Windows Mobile 6 Professional SDK (ARMV4I)
		{61B2C738-585E-43E7-B5DB-1916B31C08D7}.Release|Windows Mobile 6 Professional SDK (ARMV4I).Deploy.0 = Release|Windows Mobile 6 Professional SDK (ARMV4I)
	EndGlobalSection
	GlobalSection(SolutionProperties) = preSolution
		HideSolutionNode = FALSE
	EndGlobalSection
EndGlobal
